
Microsoft Visual Studio Solution File, Format Version 11.00
# Visual Studio 2010
Project("{FAE04EC0-301F-11D3-BF4B-00C04F79EFBC}") = "HTMLEngine", "HTMLEngine\HTMLEngine.csproj", "{33F8CE19-1D98-4D34-9342-B62C279D4E15}"
EndProject
Project("{FAE04EC0-301F-11D3-BF4B-00C04F79EFBC}") = "HTMLEngine.Unity3D", "HTMLEngine.Unity3D\HTMLEngine.Unity3D.csproj", "{6C4C92DE-D92B-4136-BA1C-B15E56E29FDB}"
EndProject
Global
	GlobalSection(SubversionScc) = preSolution
		Svn-Managed = True
		Manager = AnkhSVN - Subversion Support for Visual Studio
	EndGlobalSection
	GlobalSection(SolutionConfigurationPlatforms) = preSolution
		Debug|Any CPU = Debug|Any CPU
		Release|Any CPU = Release|Any CPU
	EndGlobalSection
	GlobalSection(ProjectConfigurationPlatforms) = postSolution
		{33F8CE19-1D98-4D34-9342-B62C279D4E15}.Debug|Any CPU.ActiveCfg = Debug|Any CPU
		{33F8CE19-1D98-4D34-9342-B62C279D4E15}.Debug|Any CPU.Build.0 = Debug|Any CPU
		{33F8CE19-1D98-4D34-9342-B62C279D4E15}.Release|Any CPU.ActiveCfg = Release|Any CPU
		{33F8CE19-1D98-4D34-9342-B62C279D4E15}.Release|Any CPU.Build.0 = Release|Any CPU
		{6C4C92DE-D92B-4136-BA1C-B15E56E29FDB}.Debug|Any CPU.ActiveCfg = Debug|Any CPU
		{6C4C92DE-D92B-4136-BA1C-B15E56E29FDB}.Debug|Any CPU.Build.0 = Debug|Any CPU
		{6C4C92DE-D92B-4136-BA1C-B15E56E29FDB}.Release|Any CPU.ActiveCfg = Release|Any CPU
		{6C4C92DE-D92B-4136-BA1C-B15E56E29FDB}.Release|Any CPU.Build.0 = Release|Any CPU
	EndGlobalSection
	GlobalSection(SolutionProperties) = preSolution
		HideSolutionNode = FALSE
	EndGlobalSection
EndGlobal
